
Microsoft Visual Studio Solution File, Format Version 12.00
# Visual Studio Version 17
VisualStudioVersion = 17.12.35707.178 d17.12
MinimumVisualStudioVersion = 10.0.40219.1
Project("{FAE04EC0-301F-11D3-BF4B-00C04F79EFBC}") = "Fastfixer.Web", "Fastfixer Web\Fastfixer.Web.csproj", "{FC95F62B-9D09-4410-9C5A-8E9BF6E23981}"
EndProject
Global
	GlobalSection(SolutionConfigurationPlatforms) = preSolution
		Debug|Any CPU = Debug|Any CPU
		Release|Any CPU = Release|Any CPU
	EndGlobalSection
	GlobalSection(ProjectConfigurationPlatforms) = postSolution
		{FC95F62B-9D09-4410-9C5A-8E9BF6E23981}.Debug|Any CPU.ActiveCfg = Debug|Any CPU
		{FC95F62B-9D09-4410-9C5A-8E9BF6E23981}.Debug|Any CPU.Build.0 = Debug|Any CPU
		{FC95F62B-9D09-4410-9C5A-8E9BF6E23981}.Release|Any CPU.ActiveCfg = Release|Any CPU
		{FC95F62B-9D09-4410-9C5A-8E9BF6E23981}.Release|Any CPU.Build.0 = Release|Any CPU
	EndGlobalSection
	GlobalSection(SolutionProperties) = preSolution
		HideSolutionNode = FALSE
	EndGlobalSection
EndGlobal
